speakeasyVersion: 1.351.3
sources:
    panora-open-api-swagger:
        sourceNamespace: panora-open-api-swagger
        sourceRevisionDigest: sha256:df3565307c5ec85124da8ff0906b172ec7fb25dc5cdb38b51055c2ec0f1dcf6e
        sourceBlobDigest: sha256:77e1918317bd4bffee6bc1a318e1c55287ebb01525628486bf6f6a4ad07be096
        tags:
            - latest
            - main
targets:
    my-first-target:
        source: panora-open-api-swagger
        sourceNamespace: panora-open-api-swagger
        sourceRevisionDigest: sha256:df3565307c5ec85124da8ff0906b172ec7fb25dc5cdb38b51055c2ec0f1dcf6e
        sourceBlobDigest: sha256:77e1918317bd4bffee6bc1a318e1c55287ebb01525628486bf6f6a4ad07be096
        codeSamplesNamespace: code-samples-typescript-my-first-target
        codeSamplesRevisionDigest: sha256:c5adcd1c6dd8cb47fe884ed485054cf30eba514eabf2fdeeeeabd9e69c7b2cde
        outLocation: /github/workspace/repo
workflow:
    workflowVersion: 1.0.0
    speakeasyVersion: latest
    sources:
        panora-open-api-swagger:
            inputs:
                - location: https://raw.githubusercontent.com/panoratech/Panora/main/packages/api/swagger/swagger-spec.yaml
            registry:
                location: registry.speakeasyapi.dev/panora/panora/panora-open-api-swagger
    targets:
        my-first-target:
            target: typescript
            source: panora-open-api-swagger
            publish:
                npm:
                    token: $npm_token
            codeSamples:
                output: codeSamples.yaml
                registry:
                    location: registry.speakeasyapi.dev/panora/panora/code-samples-typescript-my-first-target
