speakeasyVersion: 1.352.1
sources:
    panora-open-api-swagger:
        sourceNamespace: panora-open-api-swagger
        sourceRevisionDigest: sha256:8174039ddb04010d0946738af22aa8ba1729ccef182cd7ffc2def526fed56be1
        sourceBlobDigest: sha256:6044d83fd5d0be8e89ea525b1a13257c84dffe81930191268d3eb8f3f12aacca
        tags:
            - latest
            - main
targets:
    my-first-target:
        source: panora-open-api-swagger
        sourceNamespace: panora-open-api-swagger
        sourceRevisionDigest: sha256:8174039ddb04010d0946738af22aa8ba1729ccef182cd7ffc2def526fed56be1
        sourceBlobDigest: sha256:6044d83fd5d0be8e89ea525b1a13257c84dffe81930191268d3eb8f3f12aacca
        codeSamplesNamespace: code-samples-typescript-my-first-target
        codeSamplesRevisionDigest: sha256:e47be1438ffd8c90d29c42920fdc88056369186283a6884fd6dcd5ba117b9b9b
        outLocation: /github/workspace/repo
workflow:
    workflowVersion: 1.0.0
    speakeasyVersion: latest
    sources:
        panora-open-api-swagger:
            inputs:
                - location: https://raw.githubusercontent.com/panoratech/Panora/main/packages/api/swagger/swagger-spec.yaml
            registry:
                location: registry.speakeasyapi.dev/panora/panora/panora-open-api-swagger
    targets:
        my-first-target:
            target: typescript
            source: panora-open-api-swagger
            publish:
                npm:
                    token: $npm_token
            codeSamples:
                output: codeSamples.yaml
                registry:
                    location: registry.speakeasyapi.dev/panora/panora/code-samples-typescript-my-first-target
