speakeasyVersion: 1.396.9
sources:
    panora-open-api-swagger:
        sourceNamespace: panora-open-api-swagger
        sourceRevisionDigest: sha256:09a41c636f335cafb4d85225a9fdcc98b18cc03fc47615252db414011724c867
        sourceBlobDigest: sha256:713f0a4faf73742f535cfe53b021385e24d65199df45d99217e68df12be7c42b
        tags:
            - latest
            - main
targets:
    my-first-target:
        source: panora-open-api-swagger
        sourceNamespace: panora-open-api-swagger
        sourceRevisionDigest: sha256:09a41c636f335cafb4d85225a9fdcc98b18cc03fc47615252db414011724c867
        sourceBlobDigest: sha256:713f0a4faf73742f535cfe53b021385e24d65199df45d99217e68df12be7c42b
        codeSamplesNamespace: code-samples-typescript-my-first-target
        codeSamplesRevisionDigest: sha256:030a224e95feecb4deaf3a55f955f41b15b2be46da8a1c58ba2c97ae63162434
workflow:
    workflowVersion: 1.0.0
    speakeasyVersion: latest
    sources:
        panora-open-api-swagger:
            inputs:
                - location: https://raw.githubusercontent.com/panoratech/Panora/main/packages/api/swagger/swagger-spec.yaml
            registry:
                location: registry.speakeasyapi.dev/panora/panora/panora-open-api-swagger
    targets:
        my-first-target:
            target: typescript
            source: panora-open-api-swagger
            publish:
                npm:
                    token: $npm_token
            codeSamples:
                output: codeSamples.yaml
                registry:
                    location: registry.speakeasyapi.dev/panora/panora/code-samples-typescript-my-first-target
